// !$*UTF8*$!
{
	archiveVersion = 1;
	classes = {
	};
	objectVersion = 46;
	objects = {

/* Begin PBXBuildFile section */
		98989155F8BA093FAF716101 /* Pods_TestAPP.framework in Frameworks */ = {isa = PBXBuildFile; fileRef = 121E7C8142FA58AEBB7D6126 /* Pods_TestAPP.framework */; };
		C2BA576F1E802DAA007A728B /* AppDelegate.swift in Sources */ = {isa = PBXBuildFile; fileRef = C2BA576E1E802DAA007A728B /* AppDelegate.swift */; };
		C2BA57711E802DAA007A728B /* ViewController.swift in Sources */ = {isa = PBXBuildFile; fileRef = C2BA57701E802DAA007A728B /* ViewController.swift */; };
		C2BA57741E802DAA007A728B /* Main.storyboard in Resources */ = {isa = PBXBuildFile; fileRef = C2BA57721E802DAA007A728B /* Main.storyboard */; };
		C2BA57771E802DAA007A728B /* TestAPP.xcdatamodeld in Sources */ = {isa = PBXBuildFile; fileRef = C2BA57751E802DAA007A728B /* TestAPP.xcdatamodeld */; };
		C2BA57791E802DAA007A728B /* Assets.xcassets in Resources */ = {isa = PBXBuildFile; fileRef = C2BA57781E802DAA007A728B /* Assets.xcassets */; };
		C2BA577C1E802DAA007A728B /* LaunchScreen.storyboard in Resources */ = {isa = PBXBuildFile; fileRef = C2BA577A1E802DAA007A728B /* LaunchScreen.storyboard */; };
		C2BA57841E803127007A728B /* SongsDataSource.swift in Sources */ = {isa = PBXBuildFile; fileRef = C2BA57831E803127007A728B /* SongsDataSource.swift */; };
		C2BA57861E803142007A728B /* SongCollectionViewCell.swift in Sources */ = {isa = PBXBuildFile; fileRef = C2BA57851E803142007A728B /* SongCollectionViewCell.swift */; };
		C2BA57881E80315F007A728B /* NetworkClient.swift in Sources */ = {isa = PBXBuildFile; fileRef = C2BA57871E80315F007A728B /* NetworkClient.swift */; };
		C2BA578A1E8031AC007A728B /* Song+CoreDataProperties.swift in Sources */ = {isa = PBXBuildFile; fileRef = C2BA57891E8031AC007A728B /* Song+CoreDataProperties.swift */; };
		C2BA578C1E8031BC007A728B /* Song.swift in Sources */ = {isa = PBXBuildFile; fileRef = C2BA578B1E8031BC007A728B /* Song.swift */; };
/* End PBXBuildFile section */

/* Begin PBXFileReference section */
		121E7C8142FA58AEBB7D6126 /* Pods_TestAPP.framework */ = {isa = PBXFileReference; explicitFileType = wrapper.framework; includeInIndex = 0; path = Pods_TestAPP.framework; sourceTree = BUILT_PRODUCTS_DIR; };
		77A8DA815BE7A564DCCC5E38 /* Pods-TestAPP.release.xcconfig */ = {isa = PBXFileReference; includeInIndex = 1; lastKnownFileType = text.xcconfig; name = "Pods-TestAPP.release.xcconfig"; path = "Pods/Target Support Files/Pods-TestAPP/Pods-TestAPP.release.xcconfig"; sourceTree = "<group>"; };
		C2BA576B1E802DAA007A728B /* TestAPP.app */ = {isa = PBXFileReference; explicitFileType = wrapper.application; includeInIndex = 0; path = TestAPP.app; sourceTree = BUILT_PRODUCTS_DIR; };
		C2BA576E1E802DAA007A728B /* AppDelegate.swift */ = {isa = PBXFileReference; lastKnownFileType = sourcecode.swift; path = AppDelegate.swift; sourceTree = "<group>"; };
		C2BA57701E802DAA007A728B /* ViewController.swift */ = {isa = PBXFileReference; lastKnownFileType = sourcecode.swift; path = ViewController.swift; sourceTree = "<group>"; };
		C2BA57731E802DAA007A728B /* Base */ = {isa = PBXFileReference; lastKnownFileType = file.storyboard; name = Base; path = Base.lproj/Main.storyboard; sourceTree = "<group>"; };
		C2BA57761E802DAA007A728B /* TestAPP.xcdatamodel */ = {isa = PBXFileReference; lastKnownFileType = wrapper.xcdatamodel; path = TestAPP.xcdatamodel; sourceTree = "<group>"; };
		C2BA57781E802DAA007A728B /* Assets.xcassets */ = {isa = PBXFileReference; lastKnownFileType = folder.assetcatalog; path = Assets.xcassets; sourceTree = "<group>"; };
		C2BA577B1E802DAA007A728B /* Base */ = {isa = PBXFileReference; lastKnownFileType = file.storyboard; name = Base; path = Base.lproj/LaunchScreen.storyboard; sourceTree = "<group>"; };
		C2BA577D1E802DAA007A728B /* Info.plist */ = {isa = PBXFileReference; lastKnownFileType = text.plist.xml; path = Info.plist; sourceTree = "<group>"; };
		C2BA57831E803127007A728B /* SongsDataSource.swift */ = {isa = PBXFileReference; fileEncoding = 4; lastKnownFileType = sourcecode.swift; path = SongsDataSource.swift; sourceTree = "<group>"; };
		C2BA57851E803142007A728B /* SongCollectionViewCell.swift */ = {isa = PBXFileReference; fileEncoding = 4; lastKnownFileType = sourcecode.swift; path = SongCollectionViewCell.swift; sourceTree = "<group>"; };
		C2BA57871E80315F007A728B /* NetworkClient.swift */ = {isa = PBXFileReference; fileEncoding = 4; lastKnownFileType = sourcecode.swift; path = NetworkClient.swift; sourceTree = "<group>"; };
		C2BA57891E8031AC007A728B /* Song+CoreDataProperties.swift */ = {isa = PBXFileReference; fileEncoding = 4; lastKnownFileType = sourcecode.swift; path = "Song+CoreDataProperties.swift"; sourceTree = "<group>"; };
		C2BA578B1E8031BC007A728B /* Song.swift */ = {isa = PBXFileReference; fileEncoding = 4; lastKnownFileType = sourcecode.swift; path = Song.swift; sourceTree = "<group>"; };
		E6E76CFD6537B4874B1003A9 /* Pods-TestAPP.debug.xcconfig */ = {isa = PBXFileReference; includeInIndex = 1; lastKnownFileType = text.xcconfig; name = "Pods-TestAPP.debug.xcconfig"; path = "Pods/Target Support Files/Pods-TestAPP/Pods-TestAPP.debug.xcconfig"; sourceTree = "<group>"; };
/* End PBXFileReference section */

/* Begin PBXFrameworksBuildPhase section */
		C2BA57681E802DAA007A728B /* Frameworks */ = {
			isa = PBXFrameworksBuildPhase;
			buildActionMask = 2147483647;
			files = (
				98989155F8BA093FAF716101 /* Pods_TestAPP.framework in Frameworks */,
			);
			runOnlyForDeploymentPostprocessing = 0;
		};
/* End PBXFrameworksBuildPhase section */

/* Begin PBXGroup section */
		1A9BCC05FEFE8CF2318D691A /* Pods */ = {
			isa = PBXGroup;
			children = (
				E6E76CFD6537B4874B1003A9 /* Pods-TestAPP.debug.xcconfig */,
				77A8DA815BE7A564DCCC5E38 /* Pods-TestAPP.release.xcconfig */,
			);
			name = Pods;
			sourceTree = "<group>";
		};
		8794D4CC500E1DA82DE513EF /* Frameworks */ = {
			isa = PBXGroup;
			children = (
				121E7C8142FA58AEBB7D6126 /* Pods_TestAPP.framework */,
			);
			name = Frameworks;
			sourceTree = "<group>";
		};
		C2BA57621E802DAA007A728B = {
			isa = PBXGroup;
			children = (
				C2BA576D1E802DAA007A728B /* TestAPP */,
				C2BA576C1E802DAA007A728B /* Products */,
				1A9BCC05FEFE8CF2318D691A /* Pods */,
				8794D4CC500E1DA82DE513EF /* Frameworks */,
			);
			sourceTree = "<group>";
		};
		C2BA576C1E802DAA007A728B /* Products */ = {
			isa = PBXGroup;
			children = (
				C2BA576B1E802DAA007A728B /* TestAPP.app */,
			);
			name = Products;
			sourceTree = "<group>";
		};
		C2BA576D1E802DAA007A728B /* TestAPP */ = {
			isa = PBXGroup;
			children = (
				C2BA57831E803127007A728B /* SongsDataSource.swift */,
				C2BA57851E803142007A728B /* SongCollectionViewCell.swift */,
				C2BA576E1E802DAA007A728B /* AppDelegate.swift */,
				C2BA57701E802DAA007A728B /* ViewController.swift */,
				C2BA57871E80315F007A728B /* NetworkClient.swift */,
				C2BA57891E8031AC007A728B /* Song+CoreDataProperties.swift */,
				C2BA578B1E8031BC007A728B /* Song.swift */,
				C2BA57721E802DAA007A728B /* Main.storyboard */,
				C2BA57781E802DAA007A728B /* Assets.xcassets */,
				C2BA577A1E802DAA007A728B /* LaunchScreen.storyboard */,
				C2BA577D1E802DAA007A728B /* Info.plist */,
				C2BA57751E802DAA007A728B /* TestAPP.xcdatamodeld */,
			);
			path = TestAPP;
			sourceTree = "<group>";
		};
/* End PBXGroup section */

/* Begin PBXNativeTarget section */
		C2BA576A1E802DAA007A728B /* TestAPP */ = {
			isa = PBXNativeTarget;
			buildConfigurationList = C2BA57801E802DAA007A728B /* Build configuration list for PBXNativeTarget "TestAPP" */;
			buildPhases = (
				D081B803B7E090D9B2C2C9E0 /* [CP] Check Pods Manifest.lock */,
				C2BA57671E802DAA007A728B /* Sources */,
				C2BA57681E802DAA007A728B /* Frameworks */,
				C2BA57691E802DAA007A728B /* Resources */,
				7F66C271ED91B6B186846F7D /* [CP] Embed Pods Frameworks */,
				DEEAA5571E60D3B2C499336E /* [CP] Copy Pods Resources */,
			);
			buildRules = (
			);
			dependencies = (
			);
			name = TestAPP;
			productName = TestAPP;
			productReference = C2BA576B1E802DAA007A728B /* TestAPP.app */;
			productType = "com.apple.product-type.application";
		};
/* End PBXNativeTarget section */

/* Begin PBXProject section */
		C2BA57631E802DAA007A728B /* Project object */ = {
			isa = PBXProject;
			attributes = {
				LastSwiftUpdateCheck = 0820;
				LastUpgradeCheck = 0820;
				ORGANIZATIONNAME = AnsA;
				TargetAttributes = {
					C2BA576A1E802DAA007A728B = {
						CreatedOnToolsVersion = 8.2.1;
						DevelopmentTeam = 2NVVKND5P4;
						ProvisioningStyle = Automatic;
					};
				};
			};
			buildConfigurationList = C2BA57661E802DAA007A728B /* Build configuration list for PBXProject "TestAPP" */;
			compatibilityVersion = "Xcode 3.2";
			developmentRegion = English;
			hasScannedForEncodings = 0;
			knownRegions = (
				en,
				Base,
			);
			mainGroup = C2BA57621E802DAA007A728B;
			productRefGroup = C2BA576C1E802DAA007A728B /* Products */;
			projectDirPath = "";
			projectRoot = "";
			targets = (
				C2BA576A1E802DAA007A728B /* TestAPP */,
			);
		};
/* End PBXProject section */

/* Begin PBXResourcesBuildPhase section */
		C2BA57691E802DAA007A728B /* Resources */ = {
			isa = PBXResourcesBuildPhase;
			buildActionMask = 2147483647;
			files = (
				C2BA577C1E802DAA007A728B /* LaunchScreen.storyboard in Resources */,
				C2BA57791E802DAA007A728B /* Assets.xcassets in Resources */,
				C2BA57741E802DAA007A728B /* Main.storyboard in Resources */,
			);
			runOnlyForDeploymentPostprocessing = 0;
		};
/* End PBXResourcesBuildPhase section */

/* Begin PBXShellScriptBuildPhase section */
		7F66C271ED91B6B186846F7D /* [CP] Embed Pods Frameworks */ = {
			isa = PBXShellScriptBuildPhase;
			buildActionMask = 2147483647;
			files = (
			);
			inputPaths = (
			);
			name = "[CP] Embed Pods Frameworks";
			outputPaths = (
			);
			runOnlyForDeploymentPostprocessing = 0;
			shellPath = /bin/sh;
			shellScript = "\"${SRCROOT}/Pods/Target Support Files/Pods-TestAPP/Pods-TestAPP-frameworks.sh\"\n";
			showEnvVarsInLog = 0;
		};
		D081B803B7E090D9B2C2C9E0 /* [CP] Check Pods Manifest.lock */ = {
			isa = PBXShellScriptBuildPhase;
			buildActionMask = 2147483647;
			files = (
			);
			inputPaths = (
			);
			name = "[CP] Check Pods Manifest.lock";
			outputPaths = (
			);
			runOnlyForDeploymentPostprocessing = 0;
			shellPath = /bin/sh;
			shellScript = "diff \"${PODS_ROOT}/../Podfile.lock\" \"${PODS_ROOT}/Manifest.lock\" > /dev/null\nif [ $? != 0 ] ; then\n    # print error to STDERR\n    echo \"error: The sandbox is not in sync with the Podfile.lock. Run 'pod install' or update your CocoaPods installation.\" >&2\n    exit 1\nfi\n";
			showEnvVarsInLog = 0;
		};
		DEEAA5571E60D3B2C499336E /* [CP] Copy Pods Resources */ = {
			isa = PBXShellScriptBuildPhase;
			buildActionMask = 2147483647;
			files = (
			);
			inputPaths = (
			);
			name = "[CP] Copy Pods Resources";
			outputPaths = (
			);
			runOnlyForDeploymentPostprocessing = 0;
			shellPath = /bin/sh;
			shellScript = "\"${SRCROOT}/Pods/Target Support Files/Pods-TestAPP/Pods-TestAPP-resources.sh\"\n";
			showEnvVarsInLog = 0;
		};
/* End PBXShellScriptBuildPhase section */

/* Begin PBXSourcesBuildPhase section */
		C2BA57671E802DAA007A728B /* Sources */ = {
			isa = PBXSourcesBuildPhase;
			buildActionMask = 2147483647;
			files = (
				C2BA57711E802DAA007A728B /* ViewController.swift in Sources */,
				C2BA57841E803127007A728B /* SongsDataSource.swift in Sources */,
				C2BA578A1E8031AC007A728B /* Song+CoreDataProperties.swift in Sources */,
				C2BA57771E802DAA007A728B /* TestAPP.xcdatamodeld in Sources */,
				C2BA578C1E8031BC007A728B /* Song.swift in Sources */,
				C2BA57861E803142007A728B /* SongCollectionViewCell.swift in Sources */,
				C2BA576F1E802DAA007A728B /* AppDelegate.swift in Sources */,
				C2BA57881E80315F007A728B /* NetworkClient.swift in Sources */,
			);
			runOnlyForDeploymentPostprocessing = 0;
		};
/* End PBXSourcesBuildPhase section */

/* Begin PBXVariantGroup section */
		C2BA57721E802DAA007A728B /* Main.storyboard */ = {
			isa = PBXVariantGroup;
			children = (
				C2BA57731E802DAA007A728B /* Base */,
			);
			name = Main.storyboard;
			sourceTree = "<group>";
		};
		C2BA577A1E802DAA007A728B /* LaunchScreen.storyboard */ = {
			isa = PBXVariantGroup;
			children = (
				C2BA577B1E802DAA007A728B /* Base */,
			);
			name = LaunchScreen.storyboard;
			sourceTree = "<group>";
		};
/* End PBXVariantGroup section */

/* Begin XCBuildConfiguration section */
		C2BA577E1E802DAA007A728B /* Debug */ = {
			isa = XCBuildConfiguration;
			buildSettings = {
				ALWAYS_SEARCH_USER_PATHS = NO;
				CLANG_ANALYZER_NONNULL = YES;
				CLANG_CXX_LANGUAGE_STANDARD = "gnu++0x";
				CLANG_CXX_LIBRARY = "libc++";
				CLANG_ENABLE_MODULES = YES;
				CLANG_ENABLE_OBJC_ARC = YES;
				CLANG_WARN_BOOL_CONVERSION = YES;
				CLANG_WARN_CONSTANT_CONVERSION = YES;
				CLANG_WARN_DIRECT_OBJC_ISA_USAGE = YES_ERROR;
				CLANG_WARN_DOCUMENTATION_COMMENTS = YES;
				CLANG_WARN_EMPTY_BODY = YES;
				CLANG_WARN_ENUM_CONVERSION = YES;
				CLANG_WARN_INFINITE_RECURSION = YES;
				CLANG_WARN_INT_CONVERSION = YES;
				CLANG_WARN_OBJC_ROOT_CLASS = YES_ERROR;
				CLANG_WARN_SUSPICIOUS_MOVE = YES;
				CLANG_WARN_UNREACHABLE_CODE = YES;
				CLANG_WARN__DUPLICATE_METHOD_MATCH = YES;
				"CODE_SIGN_IDENTITY[sdk=iphoneos*]" = "iPhone Developer";
				COPY_PHASE_STRIP = NO;
				DEBUG_INFORMATION_FORMAT = dwarf;
				ENABLE_STRICT_OBJC_MSGSEND = YES;
				ENABLE_TESTABILITY = YES;
				GCC_C_LANGUAGE_STANDARD = gnu99;
				GCC_DYNAMIC_NO_PIC = NO;
				GCC_NO_COMMON_BLOCKS = YES;
				GCC_OPTIMIZATION_LEVEL = 0;
				GCC_PREPROCESSOR_DEFINITIONS = (
					"DEBUG=1",
					"$(inherited)",
				);
				GCC_WARN_64_TO_32_BIT_CONVERSION = YES;
				GCC_WARN_ABOUT_RETURN_TYPE = YES_ERROR;
				GCC_WARN_UNDECLARED_SELECTOR = YES;
				GCC_WARN_UNINITIALIZED_AUTOS = YES_AGGRESSIVE;
				GCC_WARN_UNUSED_FUNCTION = YES;
				GCC_WARN_UNUSED_VARIABLE = YES;
				IPHONEOS_DEPLOYMENT_TARGET = 10.2;
				MTL_ENABLE_DEBUG_INFO = YES;
				ONLY_ACTIVE_ARCH = YES;
				SDKROOT = iphoneos;
				SWIFT_ACTIVE_COMPILATION_CONDITIONS = DEBUG;
				SWIFT_OPTIMIZATION_LEVEL = "-Onone";
			};
			name = Debug;
		};
		C2BA577F1E802DAA007A728B /* Release */ = {
			isa = XCBuildConfiguration;
			buildSettings = {
				ALWAYS_SEARCH_USER_PATHS = NO;
				CLANG_ANALYZER_NONNULL = YES;
				CLANG_CXX_LANGUAGE_STANDARD = "gnu++0x";
				CLANG_CXX_LIBRARY = "libc++";
				CLANG_ENABLE_MODULES = YES;
				CLANG_ENABLE_OBJC_ARC = YES;
				CLANG_WARN_BOOL_CONVERSION = YES;
				CLANG_WARN_CONSTANT_CONVERSION = YES;
				CLANG_WARN_DIRECT_OBJC_ISA_USAGE = YES_ERROR;
				CLANG_WARN_DOCUMENTATION_COMMENTS = YES;
				CLANG_WARN_EMPTY_BODY = YES;
				CLANG_WARN_ENUM_CONVERSION = YES;
				CLANG_WARN_INFINITE_RECURSION = YES;
				CLANG_WARN_INT_CONVERSION = YES;
				CLANG_WARN_OBJC_ROOT_CLASS = YES_ERROR;
				CLANG_WARN_SUSPICIOUS_MOVE = YES;
				CLANG_WARN_UNREACHABLE_CODE = YES;
				CLANG_WARN__DUPLICATE_METHOD_MATCH = YES;
				"CODE_SIGN_IDENTITY[sdk=iphoneos*]" = "iPhone Developer";
				COPY_PHASE_STRIP = NO;
				DEBUG_INFORMATION_FORMAT = "dwarf-with-dsym";
				ENABLE_NS_ASSERTIONS = NO;
				ENABLE_STRICT_OBJC_MSGSEND = YES;
				GCC_C_LANGUAGE_STANDARD = gnu99;
				GCC_NO_COMMON_BLOCKS = YES;
				GCC_WARN_64_TO_32_BIT_CONVERSION = YES;
				GCC_WARN_ABOUT_RETURN_TYPE = YES_ERROR;
				GCC_WARN_UNDECLARED_SELECTOR = YES;
				GCC_WARN_UNINITIALIZED_AUTOS = YES_AGGRESSIVE;
				GCC_WARN_UNUSED_FUNCTION = YES;
				GCC_WARN_UNUSED_VARIABLE = YES;
				IPHONEOS_DEPLOYMENT_TARGET = 10.2;
				MTL_ENABLE_DEBUG_INFO = NO;
				SDKROOT = iphoneos;
				SWIFT_OPTIMIZATION_LEVEL = "-Owholemodule";
				VALIDATE_PRODUCT = YES;
			};
			name = Release;
		};
		C2BA57811E802DAA007A728B /* Debug */ = {
			isa = XCBuildConfiguration;
			baseConfigurationReference = E6E76CFD6537B4874B1003A9 /* Pods-TestAPP.debug.xcconfig */;
			buildSettings = {
				ASSETCATALOG_COMPILER_APPICON_NAME = AppIcon;
				DEVELOPMENT_TEAM = 2NVVKND5P4;
				INFOPLIST_FILE = TestAPP/Info.plist;
				LD_RUNPATH_SEARCH_PATHS = "$(inherited) @executable_path/Frameworks";
				PRODUCT_BUNDLE_IDENTIFIER = com.AnsA.TestAPP;
				PRODUCT_NAME = "$(TARGET_NAME)";
				SWIFT_VERSION = 3.0;
			};
			name = Debug;
		};
		C2BA57821E802DAA007A728B /* Release */ = {
			isa = XCBuildConfiguration;
			baseConfigurationReference = 77A8DA815BE7A564DCCC5E38 /* Pods-TestAPP.release.xcconfig */;
			buildSettings = {
				ASSETCATALOG_COMPILER_APPICON_NAME = AppIcon;
				DEVELOPMENT_TEAM = 2NVVKND5P4;
				INFOPLIST_FILE = TestAPP/Info.plist;
				LD_RUNPATH_SEARCH_PATHS = "$(inherited) @executable_path/Frameworks";
				PRODUCT_BUNDLE_IDENTIFIER = com.AnsA.TestAPP;
				PRODUCT_NAME = "$(TARGET_NAME)";
				SWIFT_VERSION = 3.0;
			};
			name = Release;
		};
/* End XCBuildConfiguration section */

/* Begin XCConfigurationList section */
		C2BA57661E802DAA007A728B /* Build configuration list for PBXProject "TestAPP" */ = {
			isa = XCConfigurationList;
			buildConfigurations = (
				C2BA577E1E802DAA007A728B /* Debug */,
				C2BA577F1E802DAA007A728B /* Release */,
			);
			defaultConfigurationIsVisible = 0;
			defaultConfigurationName = Release;
		};
		C2BA57801E802DAA007A728B /* Build configuration list for PBXNativeTarget "TestAPP" */ = {
			isa = XCConfigurationList;
			buildConfigurations = (
				C2BA57811E802DAA007A728B /* Debug */,
				C2BA57821E802DAA007A728B /* Release */,
			);
			defaultConfigurationIsVisible = 0;
			defaultConfigurationName = Release;
		};
/* End XCConfigurationList section */

/* Begin XCVersionGroup section */
		C2BA57751E802DAA007A728B /* TestAPP.xcdatamodeld */ = {
			isa = XCVersionGroup;
			children = (
				C2BA57761E802DAA007A728B /* TestAPP.xcdatamodel */,
			);
			currentVersion = C2BA57761E802DAA007A728B /* TestAPP.xcdatamodel */;
			path = TestAPP.xcdatamodeld;
			sourceTree = "<group>";
			versionGroupType = wrapper.xcdatamodel;
		};
/* End XCVersionGroup section */
	};
	rootObject = C2BA57631E802DAA007A728B /* Project object */;
}
